
Microsoft Visual Studio Solution File, Format Version 12.00
# Visual Studio 2013
VisualStudioVersion = 12.0.40629.0
MinimumVisualStudioVersion = 10.0.40219.1
Project("{F2A71F9B-5D33-465A-A702-920D77279786}") = "Informedica.GenCore.Lib", "src\Informedica.GenCore.Lib\Informedica.GenCore.Lib.fsproj", "{391AF72A-FACD-4E1B-B7FC-E984791C1FBA}"
EndProject
Project("{F2A71F9B-5D33-465A-A702-920D77279786}") = "Informedica.GenCore.Tests", "tests\Informedica.GenCore.Tests\Informedica.GenCore.Tests.fsproj", "{1D3A449E-743D-4F88-ABFC-6F5EB3CEBF15}"
EndProject
Project("{2150E333-8FDC-42A3-9474-1A3956D46DE8}") = "Solution Items", "Solution Items", "{7DD9BEA8-DA3F-48C8-8233-3F9FA7AC7D14}"
	ProjectSection(SolutionItems) = preProject
		build.fsx = build.fsx
		paket.dependencies = paket.dependencies
	EndProjectSection
EndProject
Project("{2150E333-8FDC-42A3-9474-1A3956D46DE8}") = "docs", "docs", "{994004B0-6DB4-4D7E-82CA-49A5E90AF781}"
EndProject
Project("{2150E333-8FDC-42A3-9474-1A3956D46DE8}") = "content", "content", "{22EEAE19-25A5-4DBC-B9F6-A5577E393903}"
	ProjectSection(SolutionItems) = preProject
		docs\content\index.fsx = docs\content\index.fsx
		docs\content\tutorial.fsx = docs\content\tutorial.fsx
	EndProjectSection
EndProject
Global
	GlobalSection(SolutionConfigurationPlatforms) = preSolution
		Debug|Any CPU = Debug|Any CPU
		Release|Any CPU = Release|Any CPU
	EndGlobalSection
	GlobalSection(ProjectConfigurationPlatforms) = postSolution
		{391AF72A-FACD-4E1B-B7FC-E984791C1FBA}.Debug|Any CPU.ActiveCfg = Debug|Any CPU
		{391AF72A-FACD-4E1B-B7FC-E984791C1FBA}.Debug|Any CPU.Build.0 = Debug|Any CPU
		{391AF72A-FACD-4E1B-B7FC-E984791C1FBA}.Release|Any CPU.ActiveCfg = Release|Any CPU
		{391AF72A-FACD-4E1B-B7FC-E984791C1FBA}.Release|Any CPU.Build.0 = Release|Any CPU
		{1D3A449E-743D-4F88-ABFC-6F5EB3CEBF15}.Debug|Any CPU.ActiveCfg = Debug|Any CPU
		{1D3A449E-743D-4F88-ABFC-6F5EB3CEBF15}.Debug|Any CPU.Build.0 = Debug|Any CPU
		{1D3A449E-743D-4F88-ABFC-6F5EB3CEBF15}.Release|Any CPU.ActiveCfg = Release|Any CPU
		{1D3A449E-743D-4F88-ABFC-6F5EB3CEBF15}.Release|Any CPU.Build.0 = Release|Any CPU
	EndGlobalSection
	GlobalSection(SolutionProperties) = preSolution
		HideSolutionNode = FALSE
	EndGlobalSection
	GlobalSection(NestedProjects) = preSolution
		{22EEAE19-25A5-4DBC-B9F6-A5577E393903} = {994004B0-6DB4-4D7E-82CA-49A5E90AF781}
	EndGlobalSection
EndGlobal
